
Microsoft Visual Studio Solution File, Format Version 12.00
# Visual Studio 2012
Project("{FAE04EC0-301F-11D3-BF4B-00C04F79EFBC}") = "CIS411_Project", "CIS411_Project\CIS411_Project.csproj", "{622AAFC3-A2C8-432B-ACDA-F9DBECF77D19}"
EndProject
Project("{FAE04EC0-301F-11D3-BF4B-00C04F79EFBC}") = "CIS411_Project.Tests", "CIS411_Project.Tests\CIS411_Project.Tests.csproj", "{8BBE6849-0F34-4AD6-86CB-F14579E01642}"
EndProject
Global
	GlobalSection(SolutionConfigurationPlatforms) = preSolution
		Debug|Any CPU = Debug|Any CPU
		Release|Any CPU = Release|Any CPU
	EndGlobalSection
	GlobalSection(ProjectConfigurationPlatforms) = postSolution
		{622AAFC3-A2C8-432B-ACDA-F9DBECF77D19}.Debug|Any CPU.ActiveCfg = Debug|Any CPU
		{622AAFC3-A2C8-432B-ACDA-F9DBECF77D19}.Debug|Any CPU.Build.0 = Debug|Any CPU
		{622AAFC3-A2C8-432B-ACDA-F9DBECF77D19}.Release|Any CPU.ActiveCfg = Release|Any CPU
		{622AAFC3-A2C8-432B-ACDA-F9DBECF77D19}.Release|Any CPU.Build.0 = Release|Any CPU
		{8BBE6849-0F34-4AD6-86CB-F14579E01642}.Debug|Any CPU.ActiveCfg = Debug|Any CPU
		{8BBE6849-0F34-4AD6-86CB-F14579E01642}.Debug|Any CPU.Build.0 = Debug|Any CPU
		{8BBE6849-0F34-4AD6-86CB-F14579E01642}.Release|Any CPU.ActiveCfg = Release|Any CPU
		{8BBE6849-0F34-4AD6-86CB-F14579E01642}.Release|Any CPU.Build.0 = Release|Any CPU
	EndGlobalSection
	GlobalSection(SolutionProperties) = preSolution
		HideSolutionNode = FALSE
	EndGlobalSection
EndGlobal
