
Microsoft Visual Studio Solution File, Format Version 12.00
# Visual Studio 2012
Project("{FAE04EC0-301F-11D3-BF4B-00C04F79EFBC}") = "CIS411_Project", "CIS411_Project\CIS411_Project.csproj", "{3DC53062-A284-497C-BCE7-913FB49FC07F}"
EndProject
Global
	GlobalSection(SolutionConfigurationPlatforms) = preSolution
		Debug|Any CPU = Debug|Any CPU
		Release|Any CPU = Release|Any CPU
	EndGlobalSection
	GlobalSection(ProjectConfigurationPlatforms) = postSolution
		{3DC53062-A284-497C-BCE7-913FB49FC07F}.Debug|Any CPU.ActiveCfg = Debug|Any CPU
		{3DC53062-A284-497C-BCE7-913FB49FC07F}.Debug|Any CPU.Build.0 = Debug|Any CPU
		{3DC53062-A284-497C-BCE7-913FB49FC07F}.Release|Any CPU.ActiveCfg = Release|Any CPU
		{3DC53062-A284-497C-BCE7-913FB49FC07F}.Release|Any CPU.Build.0 = Release|Any CPU
	EndGlobalSection
	GlobalSection(SolutionProperties) = preSolution
		HideSolutionNode = FALSE
	EndGlobalSection
EndGlobal
